
Microsoft Visual Studio Solution File, Format Version 12.00
# Visual Studio Version 16
VisualStudioVersion = 16.0.30114.105
MinimumVisualStudioVersion = 10.0.40219.1
Project("{FAE04EC0-301F-11D3-BF4B-00C04F79EFBC}") = "IGWebApiClient", "IGWebApiClient\IGWebApiClient.csproj", "{DCB53762-227F-4E1F-A33C-A0014A3B47BA}"
EndProject
Project("{FAE04EC0-301F-11D3-BF4B-00C04F79EFBC}") = "SampleWPFTrader", "SampleWPFTrader\SampleWPFTrader.csproj", "{B9BE19BC-0FBF-4574-AA71-FAC93F11A1C7}"
	ProjectSection(ProjectDependencies) = postProject
		{DCB53762-227F-4E1F-A33C-A0014A3B47BA} = {DCB53762-227F-4E1F-A33C-A0014A3B47BA}
	EndProjectSection
EndProject
Global
	GlobalSection(SolutionConfigurationPlatforms) = preSolution
		Debug|Any CPU = Debug|Any CPU
		Release|Any CPU = Release|Any CPU
	EndGlobalSection
	GlobalSection(ProjectConfigurationPlatforms) = postSolution
		{DCB53762-227F-4E1F-A33C-A0014A3B47BA}.Debug|Any CPU.ActiveCfg = Debug|Any CPU
		{DCB53762-227F-4E1F-A33C-A0014A3B47BA}.Debug|Any CPU.Build.0 = Debug|Any CPU
		{DCB53762-227F-4E1F-A33C-A0014A3B47BA}.Release|Any CPU.ActiveCfg = Release|Any CPU
		{DCB53762-227F-4E1F-A33C-A0014A3B47BA}.Release|Any CPU.Build.0 = Release|Any CPU
		{B9BE19BC-0FBF-4574-AA71-FAC93F11A1C7}.Debug|Any CPU.ActiveCfg = Debug|Any CPU
		{B9BE19BC-0FBF-4574-AA71-FAC93F11A1C7}.Debug|Any CPU.Build.0 = Debug|Any CPU
		{B9BE19BC-0FBF-4574-AA71-FAC93F11A1C7}.Release|Any CPU.ActiveCfg = Release|Any CPU
		{B9BE19BC-0FBF-4574-AA71-FAC93F11A1C7}.Release|Any CPU.Build.0 = Release|Any CPU
	EndGlobalSection
	GlobalSection(SolutionProperties) = preSolution
		HideSolutionNode = FALSE
	EndGlobalSection
	GlobalSection(ExtensibilityGlobals) = postSolution
		SolutionGuid = {12F99CBB-339A-497E-BBFB-71AB24C09BB1}
	EndGlobalSection
EndGlobal
